
Microsoft Visual Studio Solution File, Format Version 12.00
# Visual Studio Version 17
VisualStudioVersion = 17.13.35913.81 d17.13
MinimumVisualStudioVersion = 10.0.40219.1
Project("{FAE04EC0-301F-11D3-BF4B-00C04F79EFBC}") = "TallinnaRakenduslikKolledz", "TallinnaRakenduslikKolledz\TallinnaRakenduslikKolledz.csproj", "{B90F342F-1307-4C60-AE6A-D6FFDACFBFCA}"
EndProject
Global
	GlobalSection(SolutionConfigurationPlatforms) = preSolution
		Debug|Any CPU = Debug|Any CPU
		Release|Any CPU = Release|Any CPU
	EndGlobalSection
	GlobalSection(ProjectConfigurationPlatforms) = postSolution
		{B90F342F-1307-4C60-AE6A-D6FFDACFBFCA}.Debug|Any CPU.ActiveCfg = Debug|Any CPU
		{B90F342F-1307-4C60-AE6A-D6FFDACFBFCA}.Debug|Any CPU.Build.0 = Debug|Any CPU
		{B90F342F-1307-4C60-AE6A-D6FFDACFBFCA}.Release|Any CPU.ActiveCfg = Release|Any CPU
		{B90F342F-1307-4C60-AE6A-D6FFDACFBFCA}.Release|Any CPU.Build.0 = Release|Any CPU
	EndGlobalSection
	GlobalSection(SolutionProperties) = preSolution
		HideSolutionNode = FALSE
	EndGlobalSection
	GlobalSection(ExtensibilityGlobals) = postSolution
		SolutionGuid = {08FB2D70-DC09-4C9A-B3F9-08A526F84AE8}
	EndGlobalSection
EndGlobal
